
Microsoft Visual Studio Solution File, Format Version 12.00
Project("{FAE04EC0-301F-11D3-BF4B-00C04F79EFBC}") = "DoxygenCompare", "DoxygenCompare\DoxygenCompare.csproj", "{A4A2DFAF-D099-4E20-AF9E-6CF0C0CA7867}"
EndProject
Project("{2150E333-8FDC-42A3-9474-1A3956D46DE8}") = "Solution Files", "Solution Files", "{3E57BDA3-7B3B-4B0B-AB6E-12B69D97EFFF}"
	ProjectSection(SolutionItems) = preProject
		License.md = License.md
		ReadMe.md = ReadMe.md
		.gitignore = .gitignore
	EndProjectSection
EndProject
Global
	GlobalSection(SolutionConfigurationPlatforms) = preSolution
		Debug|Any CPU = Debug|Any CPU
		Release|Any CPU = Release|Any CPU
	EndGlobalSection
	GlobalSection(ProjectConfigurationPlatforms) = postSolution
		{A4A2DFAF-D099-4E20-AF9E-6CF0C0CA7867}.Debug|Any CPU.ActiveCfg = Debug|Any CPU
		{A4A2DFAF-D099-4E20-AF9E-6CF0C0CA7867}.Debug|Any CPU.Build.0 = Debug|Any CPU
		{A4A2DFAF-D099-4E20-AF9E-6CF0C0CA7867}.Release|Any CPU.ActiveCfg = Release|Any CPU
		{A4A2DFAF-D099-4E20-AF9E-6CF0C0CA7867}.Release|Any CPU.Build.0 = Release|Any CPU
	EndGlobalSection
EndGlobal
